{
  "name": "planning-center-export",
  "version": "0.1.0",
  "lockfileVersion": 2,
  "requires": true,
  "packages": {
    "": {
      "version": "0.1.0",
      "license": "MIT",
      "dependencies": {
        "dotenv": "^10.0.0",
        "esm-import-directory": "^2.4.0",
        "lodash": "^4.17.21",
        "node-fetch": "^2.6.1"
      }
    },
    "node_modules/async-compat": {
      "version": "1.4.6",
      "resolved": "https://registry.npmjs.org/async-compat/-/async-compat-1.4.6.tgz",
      "integrity": "sha512-7/ogz9aQbRi+nz29dfe9wleRqlcOxbypS+uQdutXm/CMg+rg5lAJrycdKTY0gV3zE/beAAARoRrMpkIJa5ePhA==",
      "dependencies": {
        "is-error": "^2.2.2",
        "is-promise": "^4.0.0"
      },
      "engines": {
        "node": ">=0.8.0"
      }
    },
    "node_modules/dotenv": {
      "version": "10.0.0",
      "resolved": "https://registry.npmjs.org/dotenv/-/dotenv-10.0.0.tgz",
      "integrity": "sha512-rlBi9d8jpv9Sf1klPjNfFAuWDjKLwTIJJ/VxtoTwIR6hnZxcEOQCZg2oIL3MWBYw5GpUDKOEnND7LXTbIpQ03Q==",
      "engines": {
        "node": ">=10"
      }
    },
    "node_modules/esm-import-directory": {
      "version": "2.4.0",
      "resolved": "https://registry.npmjs.org/esm-import-directory/-/esm-import-directory-2.4.0.tgz",
      "integrity": "sha512-KO1SUeEfquywoYEnOuspaq2/Fez4miqkBjpM6C1TsA+97khbQHStkYbo6EG59DOQlIpneZwC6aere+mNya8c6A==",
      "dependencies": {
        "esm-require-directory": "^2.7.0"
      },
      "engines": {
        "node": ">=0.12"
      }
    },
    "node_modules/esm-require-directory": {
      "version": "2.7.2",
      "resolved": "https://registry.npmjs.org/esm-require-directory/-/esm-require-directory-2.7.2.tgz",
      "integrity": "sha512-zdOtNklmDKrrk+5XtPeY7lKILEUtO6XpiMWSvhXrbQDyYoKv9GbUFbe+RzuciS0UC2zIGeP+T8TCAfOHJ2ep+Q==",
      "dependencies": {
        "fs-iterator": "^4.1.0"
      },
      "engines": {
        "node": ">=0.12"
      }
    },
    "node_modules/fifo": {
      "version": "2.4.1",
      "resolved": "https://registry.npmjs.org/fifo/-/fifo-2.4.1.tgz",
      "integrity": "sha512-XTbUCNmo54Jav0hcL6VxDuY4x1eCQH61HEF80C2Oww283pfjQ2C8avZeyq4v43sW2S2403kmzssE9j4lbF66Sg=="
    },
    "node_modules/fs-iterator": {
      "version": "4.1.0",
      "resolved": "https://registry.npmjs.org/fs-iterator/-/fs-iterator-4.1.0.tgz",
      "integrity": "sha512-1I3ouwS7It564WdW7JvB4BIQ1GSk0jyz+JbCcEDyz9CB1lCOIA2zRB3/F2Imx58gFKBthnkn7//AcmjhgPSpMA==",
      "dependencies": {
        "async-compat": "^1.4.6",
        "fifo": "^2.4.1",
        "fs.realpath": "^1.0.0",
        "inherits": "^2.0.4",
        "stack-base-iterator": "^0.1.6"
      },
      "engines": {
        "node": ">=0.8.0"
      }
    },
    "node_modules/fs.realpath": {
      "version": "1.0.0",
      "resolved": "https://registry.npmjs.org/fs.realpath/-/fs.realpath-1.0.0.tgz",
      "integrity": "sha1-FQStJSMVjKpA20onh8sBQRmU6k8="
    },
    "node_modules/inherits": {
      "version": "2.0.4",
      "resolved": "https://registry.npmjs.org/inherits/-/inherits-2.0.4.tgz",
      "integrity": "sha512-k/vGaX4/Yla3WzyMCvTQOXYeIHvqOKtnqBduzTHpzpQZzAskKMhZ2K+EnBiSM9zGSoIFeMpXKxa4dYeZIQqewQ=="
    },
    "node_modules/is-error": {
      "version": "2.2.2",
      "resolved": "https://registry.npmjs.org/is-error/-/is-error-2.2.2.tgz",
      "integrity": "sha512-IOQqts/aHWbiisY5DuPJQ0gcbvaLFCa7fBa9xoLfxBZvQ+ZI/Zh9xoI7Gk+G64N0FdK4AbibytHht2tWgpJWLg=="
    },
    "node_modules/is-promise": {
      "version": "4.0.0",
      "resolved": "https://registry.npmjs.org/is-promise/-/is-promise-4.0.0.tgz",
      "integrity": "sha512-hvpoI6korhJMnej285dSg6nu1+e6uxs7zG3BYAm5byqDsgJNWwxzM6z6iZiAgQR4TJ30JmBTOwqZUw3WlyH3AQ=="
    },
    "node_modules/iterator-next-callback": {
      "version": "1.1.2",
      "resolved": "https://registry.npmjs.org/iterator-next-callback/-/iterator-next-callback-1.1.2.tgz",
      "integrity": "sha512-j4J51n2E2aUBAhpm6YTQmMZo9tzfOjs8Igl4mYpLMaxWZOCHm9oQwMwbnBD9gIlsCVEbe7h6MKmS+P5ETaRBiw==",
      "dependencies": {
        "is-promise": "^3.0.0"
      },
      "engines": {
        "node": ">=0.10.0"
      }
    },
    "node_modules/iterator-next-callback/node_modules/is-promise": {
      "version": "3.0.0",
      "resolved": "https://registry.npmjs.org/is-promise/-/is-promise-3.0.0.tgz",
      "integrity": "sha512-aTHJ4BvETyySzLhguH+7sL4b8765eecqq7ZrHVuhZr3FjCL/IV+LsvisEeH+9d0AkChYny3ad1KEL+mKy4ot7A=="
    },
    "node_modules/lodash": {
      "version": "4.17.21",
      "resolved": "https://registry.npmjs.org/lodash/-/lodash-4.17.21.tgz",
      "integrity": "sha512-v2kDEe57lecTulaDIuNTPy3Ry4gLGJ6Z1O3vE1krgXZNrsQ+LFTGHVxVjcXPs17LhbZVGedAJv8XZ1tvj5FvSg=="
    },
    "node_modules/maximize-iterator": {
      "version": "2.6.5",
      "resolved": "https://registry.npmjs.org/maximize-iterator/-/maximize-iterator-2.6.5.tgz",
      "integrity": "sha512-qpun15IkZzxUSi/BVou7BlWbBcnPPKkpmE43qfF1ODvrODJ+nAn/FXI7cu9kbfYH4//EHA56b0VtqyOz476pTw==",
      "dependencies": {
        "async-compat": "^1.4.6",
        "is-error": "^2.2.2",
        "iterator-next-callback": "^1.1.2"
      },
      "engines": {
        "node": ">=0.8.0"
      }
    },
    "node_modules/node-fetch": {
      "version": "2.6.1",
      "resolved": "https://registry.npmjs.org/node-fetch/-/node-fetch-2.6.1.tgz",
      "integrity": "sha512-V4aYg89jEoVRxRb2fJdAg8FHvI7cEyYdVAh94HH0UIK8oJxUfkjlDQN9RbMx+bEjP7+ggMiFRprSti032Oipxw==",
      "engines": {
        "node": "4.x || >=6.0.0"
      }
    },
    "node_modules/object-assign": {
      "version": "4.1.1",
      "resolved": "https://registry.npmjs.org/object-assign/-/object-assign-4.1.1.tgz",
      "integrity": "sha1-IQmtx5ZYh8/AXLvUQsrIv7s2CGM=",
      "engines": {
        "node": ">=0.10.0"
      }
    },
    "node_modules/once": {
      "version": "1.4.0",
      "resolved": "https://registry.npmjs.org/once/-/once-1.4.0.tgz",
      "integrity": "sha1-WDsap3WWHUsROsF9nFC6753Xa9E=",
      "dependencies": {
        "wrappy": "1"
      }
    },
    "node_modules/stack-base-iterator": {
      "version": "0.1.6",
      "resolved": "https://registry.npmjs.org/stack-base-iterator/-/stack-base-iterator-0.1.6.tgz",
      "integrity": "sha512-z0fJ+1FkhN0n6RaQeqxaxtiOWTYC3my77Iq1kHitb3DVJOlqyGYznGjF95T/JuGgsr0sXA8iNe7rx5in9WT51g==",
      "dependencies": {
        "async-compat": "^1.4.6",
        "fifo": "^2.4.1",
        "inherits": "^2.0.4",
        "maximize-iterator": "^2.6.5",
        "object-assign": "^4.1.1",
        "once": "^1.4.0"
      },
      "engines": {
        "node": ">=0.8"
      }
    },
    "node_modules/wrappy": {
      "version": "1.0.2",
      "resolved": "https://registry.npmjs.org/wrappy/-/wrappy-1.0.2.tgz",
      "integrity": "sha1-tSQ9jz7BqjXxNkYFvA0QNuMKtp8="
    }
  },
  "dependencies": {
    "async-compat": {
      "version": "1.4.6",
      "resolved": "https://registry.npmjs.org/async-compat/-/async-compat-1.4.6.tgz",
      "integrity": "sha512-7/ogz9aQbRi+nz29dfe9wleRqlcOxbypS+uQdutXm/CMg+rg5lAJrycdKTY0gV3zE/beAAARoRrMpkIJa5ePhA==",
      "requires": {
        "is-error": "^2.2.2",
        "is-promise": "^4.0.0"
      }
    },
    "dotenv": {
      "version": "10.0.0",
      "resolved": "https://registry.npmjs.org/dotenv/-/dotenv-10.0.0.tgz",
      "integrity": "sha512-rlBi9d8jpv9Sf1klPjNfFAuWDjKLwTIJJ/VxtoTwIR6hnZxcEOQCZg2oIL3MWBYw5GpUDKOEnND7LXTbIpQ03Q=="
    },
    "esm-import-directory": {
      "version": "2.4.0",
      "resolved": "https://registry.npmjs.org/esm-import-directory/-/esm-import-directory-2.4.0.tgz",
      "integrity": "sha512-KO1SUeEfquywoYEnOuspaq2/Fez4miqkBjpM6C1TsA+97khbQHStkYbo6EG59DOQlIpneZwC6aere+mNya8c6A==",
      "requires": {
        "esm-require-directory": "^2.7.0"
      }
    },
    "esm-require-directory": {
      "version": "2.7.2",
      "resolved": "https://registry.npmjs.org/esm-require-directory/-/esm-require-directory-2.7.2.tgz",
      "integrity": "sha512-zdOtNklmDKrrk+5XtPeY7lKILEUtO6XpiMWSvhXrbQDyYoKv9GbUFbe+RzuciS0UC2zIGeP+T8TCAfOHJ2ep+Q==",
      "requires": {
        "fs-iterator": "^4.1.0"
      }
    },
    "fifo": {
      "version": "2.4.1",
      "resolved": "https://registry.npmjs.org/fifo/-/fifo-2.4.1.tgz",
      "integrity": "sha512-XTbUCNmo54Jav0hcL6VxDuY4x1eCQH61HEF80C2Oww283pfjQ2C8avZeyq4v43sW2S2403kmzssE9j4lbF66Sg=="
    },
    "fs-iterator": {
      "version": "4.1.0",
      "resolved": "https://registry.npmjs.org/fs-iterator/-/fs-iterator-4.1.0.tgz",
      "integrity": "sha512-1I3ouwS7It564WdW7JvB4BIQ1GSk0jyz+JbCcEDyz9CB1lCOIA2zRB3/F2Imx58gFKBthnkn7//AcmjhgPSpMA==",
      "requires": {
        "async-compat": "^1.4.6",
        "fifo": "^2.4.1",
        "fs.realpath": "^1.0.0",
        "inherits": "^2.0.4",
        "stack-base-iterator": "^0.1.6"
      }
    },
    "fs.realpath": {
      "version": "1.0.0",
      "resolved": "https://registry.npmjs.org/fs.realpath/-/fs.realpath-1.0.0.tgz",
      "integrity": "sha1-FQStJSMVjKpA20onh8sBQRmU6k8="
    },
    "inherits": {
      "version": "2.0.4",
      "resolved": "https://registry.npmjs.org/inherits/-/inherits-2.0.4.tgz",
      "integrity": "sha512-k/vGaX4/Yla3WzyMCvTQOXYeIHvqOKtnqBduzTHpzpQZzAskKMhZ2K+EnBiSM9zGSoIFeMpXKxa4dYeZIQqewQ=="
    },
    "is-error": {
      "version": "2.2.2",
      "resolved": "https://registry.npmjs.org/is-error/-/is-error-2.2.2.tgz",
      "integrity": "sha512-IOQqts/aHWbiisY5DuPJQ0gcbvaLFCa7fBa9xoLfxBZvQ+ZI/Zh9xoI7Gk+G64N0FdK4AbibytHht2tWgpJWLg=="
    },
    "is-promise": {
      "version": "4.0.0",
      "resolved": "https://registry.npmjs.org/is-promise/-/is-promise-4.0.0.tgz",
      "integrity": "sha512-hvpoI6korhJMnej285dSg6nu1+e6uxs7zG3BYAm5byqDsgJNWwxzM6z6iZiAgQR4TJ30JmBTOwqZUw3WlyH3AQ=="
    },
    "iterator-next-callback": {
      "version": "1.1.2",
      "resolved": "https://registry.npmjs.org/iterator-next-callback/-/iterator-next-callback-1.1.2.tgz",
      "integrity": "sha512-j4J51n2E2aUBAhpm6YTQmMZo9tzfOjs8Igl4mYpLMaxWZOCHm9oQwMwbnBD9gIlsCVEbe7h6MKmS+P5ETaRBiw==",
      "requires": {
        "is-promise": "^3.0.0"
      },
      "dependencies": {
        "is-promise": {
          "version": "3.0.0",
          "resolved": "https://registry.npmjs.org/is-promise/-/is-promise-3.0.0.tgz",
          "integrity": "sha512-aTHJ4BvETyySzLhguH+7sL4b8765eecqq7ZrHVuhZr3FjCL/IV+LsvisEeH+9d0AkChYny3ad1KEL+mKy4ot7A=="
        }
      }
    },
    "lodash": {
      "version": "4.17.21",
      "resolved": "https://registry.npmjs.org/lodash/-/lodash-4.17.21.tgz",
      "integrity": "sha512-v2kDEe57lecTulaDIuNTPy3Ry4gLGJ6Z1O3vE1krgXZNrsQ+LFTGHVxVjcXPs17LhbZVGedAJv8XZ1tvj5FvSg=="
    },
    "maximize-iterator": {
      "version": "2.6.5",
      "resolved": "https://registry.npmjs.org/maximize-iterator/-/maximize-iterator-2.6.5.tgz",
      "integrity": "sha512-qpun15IkZzxUSi/BVou7BlWbBcnPPKkpmE43qfF1ODvrODJ+nAn/FXI7cu9kbfYH4//EHA56b0VtqyOz476pTw==",
      "requires": {
        "async-compat": "^1.4.6",
        "is-error": "^2.2.2",
        "iterator-next-callback": "^1.1.2"
      }
    },
    "node-fetch": {
      "version": "2.6.1",
      "resolved": "https://registry.npmjs.org/node-fetch/-/node-fetch-2.6.1.tgz",
      "integrity": "sha512-V4aYg89jEoVRxRb2fJdAg8FHvI7cEyYdVAh94HH0UIK8oJxUfkjlDQN9RbMx+bEjP7+ggMiFRprSti032Oipxw=="
    },
    "object-assign": {
      "version": "4.1.1",
      "resolved": "https://registry.npmjs.org/object-assign/-/object-assign-4.1.1.tgz",
      "integrity": "sha1-IQmtx5ZYh8/AXLvUQsrIv7s2CGM="
    },
    "once": {
      "version": "1.4.0",
      "resolved": "https://registry.npmjs.org/once/-/once-1.4.0.tgz",
      "integrity": "sha1-WDsap3WWHUsROsF9nFC6753Xa9E=",
      "requires": {
        "wrappy": "1"
      }
    },
    "stack-base-iterator": {
      "version": "0.1.6",
      "resolved": "https://registry.npmjs.org/stack-base-iterator/-/stack-base-iterator-0.1.6.tgz",
      "integrity": "sha512-z0fJ+1FkhN0n6RaQeqxaxtiOWTYC3my77Iq1kHitb3DVJOlqyGYznGjF95T/JuGgsr0sXA8iNe7rx5in9WT51g==",
      "requires": {
        "async-compat": "^1.4.6",
        "fifo": "^2.4.1",
        "inherits": "^2.0.4",
        "maximize-iterator": "^2.6.5",
        "object-assign": "^4.1.1",
        "once": "^1.4.0"
      }
    },
    "wrappy": {
      "version": "1.0.2",
      "resolved": "https://registry.npmjs.org/wrappy/-/wrappy-1.0.2.tgz",
      "integrity": "sha1-tSQ9jz7BqjXxNkYFvA0QNuMKtp8="
    }
  }
}
